
Microsoft Visual Studio Solution File, Format Version 12.00
# Visual Studio 15
VisualStudioVersion = 15.0.27703.2000
MinimumVisualStudioVersion = 10.0.40219.1
Project("{FAE04EC0-301F-11D3-BF4B-00C04F79EFBC}") = "ApiLayer", "ApiLayer\ApiLayer.csproj", "{0C1E6215-DA3E-449B-A165-6325AB3E9DE8}"
EndProject
Project("{FAE04EC0-301F-11D3-BF4B-00C04F79EFBC}") = "ServiceLayer", "ServiceLayer\ServiceLayer.csproj", "{03526A47-F61B-4876-92A5-3B674798932D}"
EndProject
Project("{FAE04EC0-301F-11D3-BF4B-00C04F79EFBC}") = "DataLayer", "DataLayer\DataLayer.csproj", "{1F59334F-F4C9-4287-ACE4-1ED8533B6C3D}"
EndProject
Global
	GlobalSection(SolutionConfigurationPlatforms) = preSolution
		Debug|Any CPU = Debug|Any CPU
		Release|Any CPU = Release|Any CPU
	EndGlobalSection
	GlobalSection(ProjectConfigurationPlatforms) = postSolution
		{0C1E6215-DA3E-449B-A165-6325AB3E9DE8}.Debug|Any CPU.ActiveCfg = Debug|Any CPU
		{0C1E6215-DA3E-449B-A165-6325AB3E9DE8}.Debug|Any CPU.Build.0 = Debug|Any CPU
		{0C1E6215-DA3E-449B-A165-6325AB3E9DE8}.Release|Any CPU.ActiveCfg = Release|Any CPU
		{0C1E6215-DA3E-449B-A165-6325AB3E9DE8}.Release|Any CPU.Build.0 = Release|Any CPU
		{03526A47-F61B-4876-92A5-3B674798932D}.Debug|Any CPU.ActiveCfg = Debug|Any CPU
		{03526A47-F61B-4876-92A5-3B674798932D}.Debug|Any CPU.Build.0 = Debug|Any CPU
		{03526A47-F61B-4876-92A5-3B674798932D}.Release|Any CPU.ActiveCfg = Release|Any CPU
		{03526A47-F61B-4876-92A5-3B674798932D}.Release|Any CPU.Build.0 = Release|Any CPU
		{1F59334F-F4C9-4287-ACE4-1ED8533B6C3D}.Debug|Any CPU.ActiveCfg = Debug|Any CPU
		{1F59334F-F4C9-4287-ACE4-1ED8533B6C3D}.Debug|Any CPU.Build.0 = Debug|Any CPU
		{1F59334F-F4C9-4287-ACE4-1ED8533B6C3D}.Release|Any CPU.ActiveCfg = Release|Any CPU
		{1F59334F-F4C9-4287-ACE4-1ED8533B6C3D}.Release|Any CPU.Build.0 = Release|Any CPU
	EndGlobalSection
	GlobalSection(SolutionProperties) = preSolution
		HideSolutionNode = FALSE
	EndGlobalSection
	GlobalSection(ExtensibilityGlobals) = postSolution
		SolutionGuid = {8F958B5C-A7C9-47E9-8AFC-A0FAB7B98808}
	EndGlobalSection
EndGlobal
